
Microsoft Visual Studio Solution File, Format Version 12.00
Project("{FAE04EC0-301F-11D3-BF4B-00C04F79EFBC}") = "StartUp", "StartUp\StartUp.csproj", "{A6175966-F1C0-4761-84E5-AD5FAA95CC01}"
EndProject
Project("{FAE04EC0-301F-11D3-BF4B-00C04F79EFBC}") = "Application", "Application\Application.csproj", "{6C1371FA-9892-443C-8C8B-B9AAD0BE7870}"
EndProject
Project("{2150E333-8FDC-42A3-9474-1A3956D46DE8}") = "Drivings", "Drivings", "{0113957A-5A32-4948-92EF-E89023298EEC}"
EndProject
Project("{2150E333-8FDC-42A3-9474-1A3956D46DE8}") = "Drivens", "Drivens", "{2E1D70F3-0006-4247-8B54-CF060D12E2F8}"
EndProject
Project("{2150E333-8FDC-42A3-9474-1A3956D46DE8}") = "Tests", "Tests", "{C84627FD-0F3A-4B25-BCF9-4C2EC13500AA}"
EndProject
Project("{FAE04EC0-301F-11D3-BF4B-00C04F79EFBC}") = "EventStoreDb", "Drivens\EventStoreDb\EventStoreDb.csproj", "{ECD442EA-6042-489A-908C-37391D094BE3}"
EndProject
Global
	GlobalSection(SolutionConfigurationPlatforms) = preSolution
		Debug|Any CPU = Debug|Any CPU
		Release|Any CPU = Release|Any CPU
	EndGlobalSection
	GlobalSection(ProjectConfigurationPlatforms) = postSolution
		{A6175966-F1C0-4761-84E5-AD5FAA95CC01}.Debug|Any CPU.ActiveCfg = Debug|Any CPU
		{A6175966-F1C0-4761-84E5-AD5FAA95CC01}.Debug|Any CPU.Build.0 = Debug|Any CPU
		{A6175966-F1C0-4761-84E5-AD5FAA95CC01}.Release|Any CPU.ActiveCfg = Release|Any CPU
		{A6175966-F1C0-4761-84E5-AD5FAA95CC01}.Release|Any CPU.Build.0 = Release|Any CPU
		{6C1371FA-9892-443C-8C8B-B9AAD0BE7870}.Debug|Any CPU.ActiveCfg = Debug|Any CPU
		{6C1371FA-9892-443C-8C8B-B9AAD0BE7870}.Debug|Any CPU.Build.0 = Debug|Any CPU
		{6C1371FA-9892-443C-8C8B-B9AAD0BE7870}.Release|Any CPU.ActiveCfg = Release|Any CPU
		{6C1371FA-9892-443C-8C8B-B9AAD0BE7870}.Release|Any CPU.Build.0 = Release|Any CPU
		{ECD442EA-6042-489A-908C-37391D094BE3}.Debug|Any CPU.ActiveCfg = Debug|Any CPU
		{ECD442EA-6042-489A-908C-37391D094BE3}.Debug|Any CPU.Build.0 = Debug|Any CPU
		{ECD442EA-6042-489A-908C-37391D094BE3}.Release|Any CPU.ActiveCfg = Release|Any CPU
		{ECD442EA-6042-489A-908C-37391D094BE3}.Release|Any CPU.Build.0 = Release|Any CPU
	EndGlobalSection
	GlobalSection(NestedProjects) = preSolution
		{ECD442EA-6042-489A-908C-37391D094BE3} = {2E1D70F3-0006-4247-8B54-CF060D12E2F8}
	EndGlobalSection
EndGlobal
